// !$*UTF8*$!
{
	archiveVersion = 1;
	classes = {
	};
	objectVersion = 46;
	objects = {

/* Begin PBXBuildFile section */
		3BA9B71416359A7000C91EB0 /* Model.xcdatamodeld in Sources */ = {isa = PBXBuildFile; fileRef = 3BA9B71216359A7000C91EB0 /* Model.xcdatamodeld */; };
		3BD5EFFA15EE5DDF00333320 /* UIKit.framework in Frameworks */ = {isa = PBXBuildFile; fileRef = 3BD5EFF915EE5DDF00333320 /* UIKit.framework */; };
		3BD5EFFC15EE5DDF00333320 /* Foundation.framework in Frameworks */ = {isa = PBXBuildFile; fileRef = 3BD5EFFB15EE5DDF00333320 /* Foundation.framework */; };
		3BD5EFFE15EE5DDF00333320 /* CoreGraphics.framework in Frameworks */ = {isa = PBXBuildFile; fileRef = 3BD5EFFD15EE5DDF00333320 /* CoreGraphics.framework */; };
		3BD5F00415EE5DDF00333320 /* InfoPlist.strings in Resources */ = {isa = PBXBuildFile; fileRef = 3BD5F00215EE5DDF00333320 /* InfoPlist.strings */; };
		3BD5F00615EE5DDF00333320 /* main.m in Sources */ = {isa = PBXBuildFile; fileRef = 3BD5F00515EE5DDF00333320 /* main.m */; };
		3BD5F00A15EE5DDF00333320 /* ISDAppDelegate.m in Sources */ = {isa = PBXBuildFile; fileRef = 3BD5F00915EE5DDF00333320 /* ISDAppDelegate.m */; };
		3BD5F00D15EE5DDF00333320 /* MainStoryboard.storyboard in Resources */ = {isa = PBXBuildFile; fileRef = 3BD5F00B15EE5DDF00333320 /* MainStoryboard.storyboard */; };
		3BD5F06215EE61A700333320 /* ISDEditPostViewController.m in Sources */ = {isa = PBXBuildFile; fileRef = 3BD5F06115EE61A700333320 /* ISDEditPostViewController.m */; };
		3BD5F06715EE62F300333320 /* CoreData.framework in Frameworks */ = {isa = PBXBuildFile; fileRef = 3BD5F06515EE62EC00333320 /* CoreData.framework */; };
		3BD5F06815EE64AF00333320 /* ISDUserListViewController.m in Sources */ = {isa = PBXBuildFile; fileRef = 3BD5F05D15EE616E00333320 /* ISDUserListViewController.m */; };
		3BD5F06915EE64B300333320 /* ISDPostListViewController.m in Sources */ = {isa = PBXBuildFile; fileRef = 3BD5F05B15EE616E00333320 /* ISDPostListViewController.m */; };
		3EB644021799EE1E00392BFF /* EncryptedStore.m in Sources */ = {isa = PBXBuildFile; fileRef = 3EB644011799EE1E00392BFF /* EncryptedStore.m */; };
		3EB644041799EE7E00392BFF /* libsqlcipher.a in Frameworks */ = {isa = PBXBuildFile; fileRef = 3EB643FE1799EE0000392BFF /* libsqlcipher.a */; };
		440B67DA19D1E45F00C28112 /* SubEntitiesModel.xcdatamodeld in Sources */ = {isa = PBXBuildFile; fileRef = 440B67D819D1E45F00C28112 /* SubEntitiesModel.xcdatamodeld */; };
		440B67DD19D1E52100C28112 /* SubEntityTests.m in Sources */ = {isa = PBXBuildFile; fileRef = 440B67DC19D1E52100C28112 /* SubEntityTests.m */; };
		440E851219B3A1B0002542D1 /* XCTest.framework in Frameworks */ = {isa = PBXBuildFile; fileRef = 440E850B19B3A15A002542D1 /* XCTest.framework */; };
		440E851319B3A1B0002542D1 /* Foundation.framework in Frameworks */ = {isa = PBXBuildFile; fileRef = 3BD5EFFB15EE5DDF00333320 /* Foundation.framework */; };
		440E851419B3A1B0002542D1 /* UIKit.framework in Frameworks */ = {isa = PBXBuildFile; fileRef = 3BD5EFF915EE5DDF00333320 /* UIKit.framework */; };
		440E851A19B3A1B0002542D1 /* InfoPlist.strings in Resources */ = {isa = PBXBuildFile; fileRef = 440E851819B3A1B0002542D1 /* InfoPlist.strings */; };
		440E852619B3A1E1002542D1 /* IncrementalStoreTests.m in Sources */ = {isa = PBXBuildFile; fileRef = 440E852319B3A1E1002542D1 /* IncrementalStoreTests.m */; };
		440E852719B3A1E1002542D1 /* PasswordTests.m in Sources */ = {isa = PBXBuildFile; fileRef = 440E852419B3A1E1002542D1 /* PasswordTests.m */; };
		440E852819B3A1E1002542D1 /* RelationTests.m in Sources */ = {isa = PBXBuildFile; fileRef = 440E852519B3A1E1002542D1 /* RelationTests.m */; };
		440E852F19B3A3D2002542D1 /* Images.xcassets in Resources */ = {isa = PBXBuildFile; fileRef = 440E852E19B3A3D2002542D1 /* Images.xcassets */; };
		444AF94D19B3733D00B1F2A1 /* ClassModel.xcdatamodeld in Sources */ = {isa = PBXBuildFile; fileRef = 444AF93C19B36BD300B1F2A1 /* ClassModel.xcdatamodeld */; };
		444AF95319B3814500B1F2A1 /* ISDModelCategories.m in Sources */ = {isa = PBXBuildFile; fileRef = 444AF95219B3814500B1F2A1 /* ISDModelCategories.m */; };
		444AF95619B3823300B1F2A1 /* ISDParent.m in Sources */ = {isa = PBXBuildFile; fileRef = 444AF95519B3823300B1F2A1 /* ISDParent.m */; };
		444AF95919B3823300B1F2A1 /* ISDChildB.m in Sources */ = {isa = PBXBuildFile; fileRef = 444AF95819B3823300B1F2A1 /* ISDChildB.m */; };
		444AF95C19B3823300B1F2A1 /* ISDRoot.m in Sources */ = {isa = PBXBuildFile; fileRef = 444AF95B19B3823300B1F2A1 /* ISDRoot.m */; };
		444AF95F19B3823300B1F2A1 /* ISDChildA.m in Sources */ = {isa = PBXBuildFile; fileRef = 444AF95E19B3823300B1F2A1 /* ISDChildA.m */; };
		65CE88581C2940E3006478BC /* ISDMigrationTests.m in Sources */ = {isa = PBXBuildFile; fileRef = 65CE88571C2940E3006478BC /* ISDMigrationTests.m */; };
		65CE885F1C29443E006478BC /* Migration.xcdatamodeld in Sources */ = {isa = PBXBuildFile; fileRef = 65CE885C1C29443E006478BC /* Migration.xcdatamodeld */; };
		661D95AF1954821900581737 /* Security.framework in Frameworks */ = {isa = PBXBuildFile; fileRef = 661D95AE1954821900581737 /* Security.framework */; };
/* End PBXBuildFile section */

/* Begin PBXContainerItemProxy section */
		3EB643FD1799EE0000392BFF /* PBXContainerItemProxy */ = {
			isa = PBXContainerItemProxy;
			containerPortal = 3EB643F81799EDFF00392BFF /* sqlcipher.xcodeproj */;
			proxyType = 2;
			remoteGlobalIDString = D2AAC046055464E500DB518D;
			remoteInfo = sqlcipher;
		};
		440E851E19B3A1B0002542D1 /* PBXContainerItemProxy */ = {
			isa = PBXContainerItemProxy;
			containerPortal = 3BD5EFEC15EE5DDF00333320 /* Project object */;
			proxyType = 1;
			remoteGlobalIDString = 3BD5EFF415EE5DDF00333320;
			remoteInfo = "Incremental Store Demo";
		};
		661A2CFF1948D24B00C3C74E /* PBXContainerItemProxy */ = {
			isa = PBXContainerItemProxy;
			containerPortal = 3EB643F81799EDFF00392BFF /* sqlcipher.xcodeproj */;
			proxyType = 1;
			remoteGlobalIDString = D2AAC045055464E500DB518D;
			remoteInfo = sqlcipher;
		};
/* End PBXContainerItemProxy section */

/* Begin PBXFileReference section */
		3BA9B71316359A7000C91EB0 /* Model.xcdatamodel */ = {isa = PBXFileReference; lastKnownFileType = wrapper.xcdatamodel; path = Model.xcdatamodel; sourceTree = "<group>"; };
		3BD5EFF515EE5DDF00333320 /* Incremental Store Demo.app */ = {isa = PBXFileReference; explicitFileType = wrapper.application; includeInIndex = 0; path = "Incremental Store Demo.app"; sourceTree = BUILT_PRODUCTS_DIR; };
		3BD5EFF915EE5DDF00333320 /* UIKit.framework */ = {isa = PBXFileReference; lastKnownFileType = wrapper.framework; name = UIKit.framework; path = System/Library/Frameworks/UIKit.framework; sourceTree = SDKROOT; };
		3BD5EFFB15EE5DDF00333320 /* Foundation.framework */ = {isa = PBXFileReference; lastKnownFileType = wrapper.framework; name = Foundation.framework; path = System/Library/Frameworks/Foundation.framework; sourceTree = SDKROOT; };
		3BD5EFFD15EE5DDF00333320 /* CoreGraphics.framework */ = {isa = PBXFileReference; lastKnownFileType = wrapper.framework; name = CoreGraphics.framework; path = System/Library/Frameworks/CoreGraphics.framework; sourceTree = SDKROOT; };
		3BD5F00115EE5DDF00333320 /* Incremental Store Demo-Info.plist */ = {isa = PBXFileReference; lastKnownFileType = text.plist.xml; path = "Incremental Store Demo-Info.plist"; sourceTree = "<group>"; };
		3BD5F00315EE5DDF00333320 /* en */ = {isa = PBXFileReference; lastKnownFileType = text.plist.strings; name = en; path = en.lproj/InfoPlist.strings; sourceTree = "<group>"; };
		3BD5F00515EE5DDF00333320 /* main.m */ = {isa = PBXFileReference; lastKnownFileType = sourcecode.c.objc; path = main.m; sourceTree = "<group>"; };
		3BD5F00715EE5DDF00333320 /* Incremental Store Demo-Prefix.pch */ = {isa = PBXFileReference; lastKnownFileType = sourcecode.c.h; path = "Incremental Store Demo-Prefix.pch"; sourceTree = "<group>"; };
		3BD5F00815EE5DDF00333320 /* ISDAppDelegate.h */ = {isa = PBXFileReference; lastKnownFileType = sourcecode.c.h; path = ISDAppDelegate.h; sourceTree = "<group>"; };
		3BD5F00915EE5DDF00333320 /* ISDAppDelegate.m */ = {isa = PBXFileReference; lastKnownFileType = sourcecode.c.objc; path = ISDAppDelegate.m; sourceTree = "<group>"; };
		3BD5F00C15EE5DDF00333320 /* en */ = {isa = PBXFileReference; lastKnownFileType = file.storyboard; name = en; path = en.lproj/MainStoryboard.storyboard; sourceTree = "<group>"; };
		3BD5F05A15EE616E00333320 /* ISDPostListViewController.h */ = {isa = PBXFileReference; fileEncoding = 4; lastKnownFileType = sourcecode.c.h; path = ISDPostListViewController.h; sourceTree = "<group>"; };
		3BD5F05B15EE616E00333320 /* ISDPostListViewController.m */ = {isa = PBXFileReference; fileEncoding = 4; lastKnownFileType = sourcecode.c.objc; path = ISDPostListViewController.m; sourceTree = "<group>"; };
		3BD5F05C15EE616E00333320 /* ISDUserListViewController.h */ = {isa = PBXFileReference; fileEncoding = 4; lastKnownFileType = sourcecode.c.h; path = ISDUserListViewController.h; sourceTree = "<group>"; };
		3BD5F05D15EE616E00333320 /* ISDUserListViewController.m */ = {isa = PBXFileReference; fileEncoding = 4; lastKnownFileType = sourcecode.c.objc; path = ISDUserListViewController.m; sourceTree = "<group>"; };
		3BD5F06015EE61A700333320 /* ISDEditPostViewController.h */ = {isa = PBXFileReference; fileEncoding = 4; lastKnownFileType = sourcecode.c.h; path = ISDEditPostViewController.h; sourceTree = "<group>"; };
		3BD5F06115EE61A700333320 /* ISDEditPostViewController.m */ = {isa = PBXFileReference; fileEncoding = 4; lastKnownFileType = sourcecode.c.objc; path = ISDEditPostViewController.m; sourceTree = "<group>"; };
		3BD5F06515EE62EC00333320 /* CoreData.framework */ = {isa = PBXFileReference; lastKnownFileType = wrapper.framework; name = CoreData.framework; path = System/Library/Frameworks/CoreData.framework; sourceTree = SDKROOT; };
		3EB643F81799EDFF00392BFF /* sqlcipher.xcodeproj */ = {isa = PBXFileReference; lastKnownFileType = "wrapper.pb-project"; name = sqlcipher.xcodeproj; path = ../../vendor/sqlcipher/sqlcipher.xcodeproj; sourceTree = "<group>"; };
		3EB644001799EE1E00392BFF /* EncryptedStore.h */ = {isa = PBXFileReference; fileEncoding = 4; lastKnownFileType = sourcecode.c.h; path = EncryptedStore.h; sourceTree = "<group>"; };
		3EB644011799EE1E00392BFF /* EncryptedStore.m */ = {isa = PBXFileReference; fileEncoding = 4; lastKnownFileType = sourcecode.c.objc; path = EncryptedStore.m; sourceTree = "<group>"; };
		440B67D919D1E45F00C28112 /* SubEntitiesModel.xcdatamodel */ = {isa = PBXFileReference; lastKnownFileType = wrapper.xcdatamodel; path = SubEntitiesModel.xcdatamodel; sourceTree = "<group>"; };
		440B67DC19D1E52100C28112 /* SubEntityTests.m */ = {isa = PBXFileReference; fileEncoding = 4; lastKnownFileType = sourcecode.c.objc; path = SubEntityTests.m; sourceTree = "<group>"; };
		440E850B19B3A15A002542D1 /* XCTest.framework */ = {isa = PBXFileReference; lastKnownFileType = wrapper.framework; name = XCTest.framework; path = Library/Frameworks/XCTest.framework; sourceTree = DEVELOPER_DIR; };
		440E851119B3A1B0002542D1 /* Tests.xctest */ = {isa = PBXFileReference; explicitFileType = wrapper.cfbundle; includeInIndex = 0; path = Tests.xctest; sourceTree = BUILT_PRODUCTS_DIR; };
		440E851719B3A1B0002542D1 /* Tests-Info.plist */ = {isa = PBXFileReference; lastKnownFileType = text.plist.xml; path = "Tests-Info.plist"; sourceTree = "<group>"; };
		440E851919B3A1B0002542D1 /* en */ = {isa = PBXFileReference; lastKnownFileType = text.plist.strings; name = en; path = en.lproj/InfoPlist.strings; sourceTree = "<group>"; };
		440E851D19B3A1B0002542D1 /* Tests-Prefix.pch */ = {isa = PBXFileReference; lastKnownFileType = sourcecode.c.h; path = "Tests-Prefix.pch"; sourceTree = "<group>"; };
		440E852319B3A1E1002542D1 /* IncrementalStoreTests.m */ = {isa = PBXFileReference; fileEncoding = 4; lastKnownFileType = sourcecode.c.objc; path = IncrementalStoreTests.m; sourceTree = "<group>"; };
		440E852419B3A1E1002542D1 /* PasswordTests.m */ = {isa = PBXFileReference; fileEncoding = 4; lastKnownFileType = sourcecode.c.objc; path = PasswordTests.m; sourceTree = "<group>"; };
		440E852519B3A1E1002542D1 /* RelationTests.m */ = {isa = PBXFileReference; fileEncoding = 4; lastKnownFileType = sourcecode.c.objc; path = RelationTests.m; sourceTree = "<group>"; };
		440E852E19B3A3D2002542D1 /* Images.xcassets */ = {isa = PBXFileReference; lastKnownFileType = folder.assetcatalog; path = Images.xcassets; sourceTree = "<group>"; };
		444AF93D19B36BD300B1F2A1 /* ClassModel.xcdatamodel */ = {isa = PBXFileReference; lastKnownFileType = wrapper.xcdatamodel; path = ClassModel.xcdatamodel; sourceTree = "<group>"; };
		444AF95119B3814500B1F2A1 /* ISDModelCategories.h */ = {isa = PBXFileReference; fileEncoding = 4; lastKnownFileType = sourcecode.c.h; path = ISDModelCategories.h; sourceTree = "<group>"; };
		444AF95219B3814500B1F2A1 /* ISDModelCategories.m */ = {isa = PBXFileReference; fileEncoding = 4; lastKnownFileType = sourcecode.c.objc; path = ISDModelCategories.m; sourceTree = "<group>"; };
		444AF95419B3823300B1F2A1 /* ISDParent.h */ = {isa = PBXFileReference; fileEncoding = 4; lastKnownFileType = sourcecode.c.h; path = ISDParent.h; sourceTree = "<group>"; };
		444AF95519B3823300B1F2A1 /* ISDParent.m */ = {isa = PBXFileReference; fileEncoding = 4; lastKnownFileType = sourcecode.c.objc; path = ISDParent.m; sourceTree = "<group>"; };
		444AF95719B3823300B1F2A1 /* ISDChildB.h */ = {isa = PBXFileReference; fileEncoding = 4; lastKnownFileType = sourcecode.c.h; path = ISDChildB.h; sourceTree = "<group>"; };
		444AF95819B3823300B1F2A1 /* ISDChildB.m */ = {isa = PBXFileReference; fileEncoding = 4; lastKnownFileType = sourcecode.c.objc; path = ISDChildB.m; sourceTree = "<group>"; };
		444AF95A19B3823300B1F2A1 /* ISDRoot.h */ = {isa = PBXFileReference; fileEncoding = 4; lastKnownFileType = sourcecode.c.h; path = ISDRoot.h; sourceTree = "<group>"; };
		444AF95B19B3823300B1F2A1 /* ISDRoot.m */ = {isa = PBXFileReference; fileEncoding = 4; lastKnownFileType = sourcecode.c.objc; path = ISDRoot.m; sourceTree = "<group>"; };
		444AF95D19B3823300B1F2A1 /* ISDChildA.h */ = {isa = PBXFileReference; fileEncoding = 4; lastKnownFileType = sourcecode.c.h; path = ISDChildA.h; sourceTree = "<group>"; };
		444AF95E19B3823300B1F2A1 /* ISDChildA.m */ = {isa = PBXFileReference; fileEncoding = 4; lastKnownFileType = sourcecode.c.objc; path = ISDChildA.m; sourceTree = "<group>"; };
		65CE88571C2940E3006478BC /* ISDMigrationTests.m */ = {isa = PBXFileReference; fileEncoding = 4; lastKnownFileType = sourcecode.c.objc; path = ISDMigrationTests.m; sourceTree = "<group>"; };
		65CE885D1C29443E006478BC /* Migration.xcdatamodel */ = {isa = PBXFileReference; lastKnownFileType = wrapper.xcdatamodel; path = Migration.xcdatamodel; sourceTree = "<group>"; };
		65CE885E1C29443E006478BC /* New.xcdatamodel */ = {isa = PBXFileReference; lastKnownFileType = wrapper.xcdatamodel; path = New.xcdatamodel; sourceTree = "<group>"; };
		65CE88601C295448006478BC /* New.xcdatamodel */ = {isa = PBXFileReference; lastKnownFileType = wrapper.xcdatamodel; path = New.xcdatamodel; sourceTree = "<group>"; };
		661D95AE1954821900581737 /* Security.framework */ = {isa = PBXFileReference; lastKnownFileType = wrapper.framework; name = Security.framework; path = System/Library/Frameworks/Security.framework; sourceTree = SDKROOT; };
/* End PBXFileReference section */

/* Begin PBXFrameworksBuildPhase section */
		3BD5EFF215EE5DDF00333320 /* Frameworks */ = {
			isa = PBXFrameworksBuildPhase;
			buildActionMask = 2147483647;
			files = (
				661D95AF1954821900581737 /* Security.framework in Frameworks */,
				3EB644041799EE7E00392BFF /* libsqlcipher.a in Frameworks */,
				3BD5F06715EE62F300333320 /* CoreData.framework in Frameworks */,
				3BD5EFFA15EE5DDF00333320 /* UIKit.framework in Frameworks */,
				3BD5EFFC15EE5DDF00333320 /* Foundation.framework in Frameworks */,
				3BD5EFFE15EE5DDF00333320 /* CoreGraphics.framework in Frameworks */,
			);
			runOnlyForDeploymentPostprocessing = 0;
		};
		440E850E19B3A1B0002542D1 /* Frameworks */ = {
			isa = PBXFrameworksBuildPhase;
			buildActionMask = 2147483647;
			files = (
				440E851219B3A1B0002542D1 /* XCTest.framework in Frameworks */,
				440E851419B3A1B0002542D1 /* UIKit.framework in Frameworks */,
				440E851319B3A1B0002542D1 /* Foundation.framework in Frameworks */,
			);
			runOnlyForDeploymentPostprocessing = 0;
		};
/* End PBXFrameworksBuildPhase section */

/* Begin PBXGroup section */
		3BD5EFEA15EE5DDF00333320 = {
			isa = PBXGroup;
			children = (
				3EB643FF1799EE1E00392BFF /* Incremental Store */,
				3EB643F81799EDFF00392BFF /* sqlcipher.xcodeproj */,
				3BA9B71216359A7000C91EB0 /* Model.xcdatamodeld */,
				444AF93C19B36BD300B1F2A1 /* ClassModel.xcdatamodeld */,
				440B67D819D1E45F00C28112 /* SubEntitiesModel.xcdatamodeld */,
				65CE885C1C29443E006478BC /* Migration.xcdatamodeld */,
				444AF94019B36CA000B1F2A1 /* ClassModels */,
				3BD5EFFF15EE5DDF00333320 /* Incremental Store Demo */,
				440E851519B3A1B0002542D1 /* Tests */,
				3BD5EFF815EE5DDF00333320 /* Frameworks */,
				3BD5EFF615EE5DDF00333320 /* Products */,
			);
			sourceTree = "<group>";
		};
		3BD5EFF615EE5DDF00333320 /* Products */ = {
			isa = PBXGroup;
			children = (
				3BD5EFF515EE5DDF00333320 /* Incremental Store Demo.app */,
				440E851119B3A1B0002542D1 /* Tests.xctest */,
			);
			name = Products;
			sourceTree = "<group>";
		};
		3BD5EFF815EE5DDF00333320 /* Frameworks */ = {
			isa = PBXGroup;
			children = (
				440E850B19B3A15A002542D1 /* XCTest.framework */,
				661D95AE1954821900581737 /* Security.framework */,
				3BD5F06515EE62EC00333320 /* CoreData.framework */,
				3BD5EFF915EE5DDF00333320 /* UIKit.framework */,
				3BD5EFFB15EE5DDF00333320 /* Foundation.framework */,
				3BD5EFFD15EE5DDF00333320 /* CoreGraphics.framework */,
			);
			name = Frameworks;
			sourceTree = "<group>";
		};
		3BD5EFFF15EE5DDF00333320 /* Incremental Store Demo */ = {
			isa = PBXGroup;
			children = (
				3BD5F00815EE5DDF00333320 /* ISDAppDelegate.h */,
				3BD5F00915EE5DDF00333320 /* ISDAppDelegate.m */,
				3BD5F00B15EE5DDF00333320 /* MainStoryboard.storyboard */,
				3BD5F06415EE61E200333320 /* View Controllers */,
				440E852E19B3A3D2002542D1 /* Images.xcassets */,
				3BD5F00015EE5DDF00333320 /* Supporting Files */,
			);
			path = "Incremental Store Demo";
			sourceTree = "<group>";
		};
		3BD5F00015EE5DDF00333320 /* Supporting Files */ = {
			isa = PBXGroup;
			children = (
				3BD5F00115EE5DDF00333320 /* Incremental Store Demo-Info.plist */,
				3BD5F00215EE5DDF00333320 /* InfoPlist.strings */,
				3BD5F00515EE5DDF00333320 /* main.m */,
				3BD5F00715EE5DDF00333320 /* Incremental Store Demo-Prefix.pch */,
			);
			name = "Supporting Files";
			sourceTree = "<group>";
		};
		3BD5F06415EE61E200333320 /* View Controllers */ = {
			isa = PBXGroup;
			children = (
				3BD5F05C15EE616E00333320 /* ISDUserListViewController.h */,
				3BD5F05D15EE616E00333320 /* ISDUserListViewController.m */,
				3BD5F05A15EE616E00333320 /* ISDPostListViewController.h */,
				3BD5F05B15EE616E00333320 /* ISDPostListViewController.m */,
				3BD5F06015EE61A700333320 /* ISDEditPostViewController.h */,
				3BD5F06115EE61A700333320 /* ISDEditPostViewController.m */,
			);
			name = "View Controllers";
			sourceTree = "<group>";
		};
		3EB643F91799EDFF00392BFF /* Products */ = {
			isa = PBXGroup;
			children = (
				3EB643FE1799EE0000392BFF /* libsqlcipher.a */,
			);
			name = Products;
			sourceTree = "<group>";
		};
		3EB643FF1799EE1E00392BFF /* Incremental Store */ = {
			isa = PBXGroup;
			children = (
				3EB644001799EE1E00392BFF /* EncryptedStore.h */,
				3EB644011799EE1E00392BFF /* EncryptedStore.m */,
			);
			name = "Incremental Store";
			path = "../../Incremental Store";
			sourceTree = "<group>";
		};
		440E851519B3A1B0002542D1 /* Tests */ = {
			isa = PBXGroup;
			children = (
				440E852319B3A1E1002542D1 /* IncrementalStoreTests.m */,
				440E852419B3A1E1002542D1 /* PasswordTests.m */,
				440E852519B3A1E1002542D1 /* RelationTests.m */,
				440B67DC19D1E52100C28112 /* SubEntityTests.m */,
				65CE88571C2940E3006478BC /* ISDMigrationTests.m */,
				440E851619B3A1B0002542D1 /* Supporting Files */,
			);
			path = Tests;
			sourceTree = "<group>";
		};
		440E851619B3A1B0002542D1 /* Supporting Files */ = {
			isa = PBXGroup;
			children = (
				440E851719B3A1B0002542D1 /* Tests-Info.plist */,
				440E851819B3A1B0002542D1 /* InfoPlist.strings */,
				440E851D19B3A1B0002542D1 /* Tests-Prefix.pch */,
			);
			name = "Supporting Files";
			sourceTree = "<group>";
		};
		444AF94019B36CA000B1F2A1 /* ClassModels */ = {
			isa = PBXGroup;
			children = (
				444AF95A19B3823300B1F2A1 /* ISDRoot.h */,
				444AF95B19B3823300B1F2A1 /* ISDRoot.m */,
				444AF95419B3823300B1F2A1 /* ISDParent.h */,
				444AF95519B3823300B1F2A1 /* ISDParent.m */,
				444AF95D19B3823300B1F2A1 /* ISDChildA.h */,
				444AF95E19B3823300B1F2A1 /* ISDChildA.m */,
				444AF95719B3823300B1F2A1 /* ISDChildB.h */,
				444AF95819B3823300B1F2A1 /* ISDChildB.m */,
				444AF95119B3814500B1F2A1 /* ISDModelCategories.h */,
				444AF95219B3814500B1F2A1 /* ISDModelCategories.m */,
			);
			path = ClassModels;
			sourceTree = "<group>";
		};
/* End PBXGroup section */

/* Begin PBXNativeTarget section */
		3BD5EFF415EE5DDF00333320 /* Incremental Store Demo */ = {
			isa = PBXNativeTarget;
			buildConfigurationList = 3BD5F01315EE5DDF00333320 /* Build configuration list for PBXNativeTarget "Incremental Store Demo" */;
			buildPhases = (
				3BD5EFF115EE5DDF00333320 /* Sources */,
				3BD5EFF215EE5DDF00333320 /* Frameworks */,
				3BD5EFF315EE5DDF00333320 /* Resources */,
			);
			buildRules = (
			);
			dependencies = (
				661A2D001948D24B00C3C74E /* PBXTargetDependency */,
			);
			name = "Incremental Store Demo";
			productName = "Incremental Store Demo";
			productReference = 3BD5EFF515EE5DDF00333320 /* Incremental Store Demo.app */;
			productType = "com.apple.product-type.application";
		};
		440E851019B3A1B0002542D1 /* Tests */ = {
			isa = PBXNativeTarget;
			buildConfigurationList = 440E852019B3A1B0002542D1 /* Build configuration list for PBXNativeTarget "Tests" */;
			buildPhases = (
				440E850D19B3A1B0002542D1 /* Sources */,
				440E850E19B3A1B0002542D1 /* Frameworks */,
				440E850F19B3A1B0002542D1 /* Resources */,
			);
			buildRules = (
			);
			dependencies = (
				440E851F19B3A1B0002542D1 /* PBXTargetDependency */,
			);
			name = Tests;
			productName = Tests;
			productReference = 440E851119B3A1B0002542D1 /* Tests.xctest */;
			productType = "com.apple.product-type.bundle.unit-test";
		};
/* End PBXNativeTarget section */

/* Begin PBXProject section */
		3BD5EFEC15EE5DDF00333320 /* Project object */ = {
			isa = PBXProject;
			attributes = {
				CLASSPREFIX = ISD;
				LastTestingUpgradeCheck = 0510;
				LastUpgradeCheck = 0600;
				ORGANIZATIONNAME = "Caleb Davenport";
				TargetAttributes = {
					3BD5EFF415EE5DDF00333320 = {
						DevelopmentTeam = MUDZYBY5ZE;
					};
					440E851019B3A1B0002542D1 = {
						TestTargetID = 3BD5EFF415EE5DDF00333320;
					};
				};
			};
			buildConfigurationList = 3BD5EFEF15EE5DDF00333320 /* Build configuration list for PBXProject "Incremental Store" */;
			compatibilityVersion = "Xcode 3.2";
			developmentRegion = English;
			hasScannedForEncodings = 0;
			knownRegions = (
				en,
			);
			mainGroup = 3BD5EFEA15EE5DDF00333320;
			productRefGroup = 3BD5EFF615EE5DDF00333320 /* Products */;
			projectDirPath = "";
			projectReferences = (
				{
					ProductGroup = 3EB643F91799EDFF00392BFF /* Products */;
					ProjectRef = 3EB643F81799EDFF00392BFF /* sqlcipher.xcodeproj */;
				},
			);
			projectRoot = "";
			targets = (
				3BD5EFF415EE5DDF00333320 /* Incremental Store Demo */,
				440E851019B3A1B0002542D1 /* Tests */,
			);
		};
/* End PBXProject section */

/* Begin PBXReferenceProxy section */
		3EB643FE1799EE0000392BFF /* libsqlcipher.a */ = {
			isa = PBXReferenceProxy;
			fileType = archive.ar;
			path = libsqlcipher.a;
			remoteRef = 3EB643FD1799EE0000392BFF /* PBXContainerItemProxy */;
			sourceTree = BUILT_PRODUCTS_DIR;
		};
/* End PBXReferenceProxy section */

/* Begin PBXResourcesBuildPhase section */
		3BD5EFF315EE5DDF00333320 /* Resources */ = {
			isa = PBXResourcesBuildPhase;
			buildActionMask = 2147483647;
			files = (
				440E852F19B3A3D2002542D1 /* Images.xcassets in Resources */,
				3BD5F00415EE5DDF00333320 /* InfoPlist.strings in Resources */,
				3BD5F00D15EE5DDF00333320 /* MainStoryboard.storyboard in Resources */,
			);
			runOnlyForDeploymentPostprocessing = 0;
		};
		440E850F19B3A1B0002542D1 /* Resources */ = {
			isa = PBXResourcesBuildPhase;
			buildActionMask = 2147483647;
			files = (
				440E851A19B3A1B0002542D1 /* InfoPlist.strings in Resources */,
			);
			runOnlyForDeploymentPostprocessing = 0;
		};
/* End PBXResourcesBuildPhase section */

/* Begin PBXSourcesBuildPhase section */
		3BD5EFF115EE5DDF00333320 /* Sources */ = {
			isa = PBXSourcesBuildPhase;
			buildActionMask = 2147483647;
			files = (
				3BD5F00615EE5DDF00333320 /* main.m in Sources */,
				444AF95C19B3823300B1F2A1 /* ISDRoot.m in Sources */,
				3EB644021799EE1E00392BFF /* EncryptedStore.m in Sources */,
				444AF95319B3814500B1F2A1 /* ISDModelCategories.m in Sources */,
				65CE885F1C29443E006478BC /* Migration.xcdatamodeld in Sources */,
				3BD5F00A15EE5DDF00333320 /* ISDAppDelegate.m in Sources */,
				3BA9B71416359A7000C91EB0 /* Model.xcdatamodeld in Sources */,
				444AF95919B3823300B1F2A1 /* ISDChildB.m in Sources */,
				3BD5F06815EE64AF00333320 /* ISDUserListViewController.m in Sources */,
				3BD5F06915EE64B300333320 /* ISDPostListViewController.m in Sources */,
				444AF95619B3823300B1F2A1 /* ISDParent.m in Sources */,
				3BD5F06215EE61A700333320 /* ISDEditPostViewController.m in Sources */,
				444AF95F19B3823300B1F2A1 /* ISDChildA.m in Sources */,
				444AF94D19B3733D00B1F2A1 /* ClassModel.xcdatamodeld in Sources */,
				440B67DA19D1E45F00C28112 /* SubEntitiesModel.xcdatamodeld in Sources */,
			);
			runOnlyForDeploymentPostprocessing = 0;
		};
		440E850D19B3A1B0002542D1 /* Sources */ = {
			isa = PBXSourcesBuildPhase;
			buildActionMask = 2147483647;
			files = (
				65CE88581C2940E3006478BC /* ISDMigrationTests.m in Sources */,
				440E852719B3A1E1002542D1 /* PasswordTests.m in Sources */,
				440B67DD19D1E52100C28112 /* SubEntityTests.m in Sources */,
				440E852619B3A1E1002542D1 /* IncrementalStoreTests.m in Sources */,
				440E852819B3A1E1002542D1 /* RelationTests.m in Sources */,
			);
			runOnlyForDeploymentPostprocessing = 0;
		};
/* End PBXSourcesBuildPhase section */

/* Begin PBXTargetDependency section */
		440E851F19B3A1B0002542D1 /* PBXTargetDependency */ = {
			isa = PBXTargetDependency;
			target = 3BD5EFF415EE5DDF00333320 /* Incremental Store Demo */;
			targetProxy = 440E851E19B3A1B0002542D1 /* PBXContainerItemProxy */;
		};
		661A2D001948D24B00C3C74E /* PBXTargetDependency */ = {
			isa = PBXTargetDependency;
			name = sqlcipher;
			targetProxy = 661A2CFF1948D24B00C3C74E /* PBXContainerItemProxy */;
		};
/* End PBXTargetDependency section */

/* Begin PBXVariantGroup section */
		3BD5F00215EE5DDF00333320 /* InfoPlist.strings */ = {
			isa = PBXVariantGroup;
			children = (
				3BD5F00315EE5DDF00333320 /* en */,
			);
			name = InfoPlist.strings;
			sourceTree = "<group>";
		};
		3BD5F00B15EE5DDF00333320 /* MainStoryboard.storyboard */ = {
			isa = PBXVariantGroup;
			children = (
				3BD5F00C15EE5DDF00333320 /* en */,
			);
			name = MainStoryboard.storyboard;
			sourceTree = "<group>";
		};
		440E851819B3A1B0002542D1 /* InfoPlist.strings */ = {
			isa = PBXVariantGroup;
			children = (
				440E851919B3A1B0002542D1 /* en */,
			);
			name = InfoPlist.strings;
			sourceTree = "<group>";
		};
/* End PBXVariantGroup section */

/* Begin XCBuildConfiguration section */
		3BD5F01115EE5DDF00333320 /* Debug */ = {
			isa = XCBuildConfiguration;
			buildSettings = {
				ALWAYS_SEARCH_USER_PATHS = NO;
				CLANG_CXX_LANGUAGE_STANDARD = "gnu++0x";
				CLANG_ENABLE_OBJC_ARC = YES;
				CLANG_WARN_BOOL_CONVERSION = YES;
				CLANG_WARN_CONSTANT_CONVERSION = YES;
				CLANG_WARN_EMPTY_BODY = YES;
				CLANG_WARN_ENUM_CONVERSION = YES;
				CLANG_WARN_INT_CONVERSION = YES;
				CLANG_WARN_UNREACHABLE_CODE = YES;
				CLANG_WARN__DUPLICATE_METHOD_MATCH = YES;
				COPY_PHASE_STRIP = NO;
				ENABLE_STRICT_OBJC_MSGSEND = YES;
				GCC_C_LANGUAGE_STANDARD = gnu99;
				GCC_DYNAMIC_NO_PIC = NO;
				GCC_OPTIMIZATION_LEVEL = 0;
				GCC_PREPROCESSOR_DEFINITIONS = (
					"DEBUG=1",
					"$(inherited)",
				);
				GCC_SYMBOLS_PRIVATE_EXTERN = NO;
				GCC_VERSION = com.apple.compilers.llvm.clang.1_0;
				GCC_WARN_64_TO_32_BIT_CONVERSION = YES;
				GCC_WARN_ABOUT_RETURN_TYPE = YES;
				GCC_WARN_UNDECLARED_SELECTOR = YES;
				GCC_WARN_UNINITIALIZED_AUTOS = YES;
				GCC_WARN_UNUSED_FUNCTION = YES;
				GCC_WARN_UNUSED_VARIABLE = YES;
				IPHONEOS_DEPLOYMENT_TARGET = 6.0;
				ONLY_ACTIVE_ARCH = YES;
				OTHER_CFLAGS = "-DSQLITE_HAS_CODEC";
				SDKROOT = iphoneos;
			};
			name = Debug;
		};
		3BD5F01215EE5DDF00333320 /* Release */ = {
			isa = XCBuildConfiguration;
			buildSettings = {
				ALWAYS_SEARCH_USER_PATHS = NO;
				CLANG_CXX_LANGUAGE_STANDARD = "gnu++0x";
				CLANG_ENABLE_OBJC_ARC = YES;
				CLANG_WARN_BOOL_CONVERSION = YES;
				CLANG_WARN_CONSTANT_CONVERSION = YES;
				CLANG_WARN_EMPTY_BODY = YES;
				CLANG_WARN_ENUM_CONVERSION = YES;
				CLANG_WARN_INT_CONVERSION = YES;
				CLANG_WARN_UNREACHABLE_CODE = YES;
				CLANG_WARN__DUPLICATE_METHOD_MATCH = YES;
				CODE_SIGN_IDENTITY = "iPhone Distribution";
				COPY_PHASE_STRIP = YES;
				ENABLE_STRICT_OBJC_MSGSEND = YES;
				GCC_C_LANGUAGE_STANDARD = gnu99;
				GCC_VERSION = com.apple.compilers.llvm.clang.1_0;
				GCC_WARN_64_TO_32_BIT_CONVERSION = YES;
				GCC_WARN_ABOUT_RETURN_TYPE = YES;
				GCC_WARN_UNDECLARED_SELECTOR = YES;
				GCC_WARN_UNINITIALIZED_AUTOS = YES;
				GCC_WARN_UNUSED_FUNCTION = YES;
				GCC_WARN_UNUSED_VARIABLE = YES;
				IPHONEOS_DEPLOYMENT_TARGET = 6.0;
				OTHER_CFLAGS = (
					"-DNS_BLOCK_ASSERTIONS=1",
					"-DSQLITE_HAS_CODEC",
				);
				SDKROOT = iphoneos;
				VALIDATE_PRODUCT = YES;
			};
			name = Release;
		};
		3BD5F01415EE5DDF00333320 /* Debug */ = {
			isa = XCBuildConfiguration;
			buildSettings = {
				ASSETCATALOG_COMPILER_APPICON_NAME = AppIcon;
				ASSETCATALOG_COMPILER_LAUNCHIMAGE_NAME = LaunchImage;
				CODE_SIGN_IDENTITY = "iPhone Developer";
				GCC_PRECOMPILE_PREFIX_HEADER = YES;
				GCC_PREFIX_HEADER = "Incremental Store Demo/Incremental Store Demo-Prefix.pch";
				HEADER_SEARCH_PATHS = "\"$PROJECT_DIR/../Incremental Store\"/**";
				INFOPLIST_FILE = "Incremental Store Demo/Incremental Store Demo-Info.plist";
				PRODUCT_NAME = "$(TARGET_NAME)";
				WRAPPER_EXTENSION = app;
			};
			name = Debug;
		};
		3BD5F01515EE5DDF00333320 /* Release */ = {
			isa = XCBuildConfiguration;
			buildSettings = {
				ASSETCATALOG_COMPILER_APPICON_NAME = AppIcon;
				ASSETCATALOG_COMPILER_LAUNCHIMAGE_NAME = LaunchImage;
				CODE_SIGN_IDENTITY = "iPhone Developer";
				GCC_PRECOMPILE_PREFIX_HEADER = YES;
				GCC_PREFIX_HEADER = "Incremental Store Demo/Incremental Store Demo-Prefix.pch";
				HEADER_SEARCH_PATHS = "\"$PROJECT_DIR/../Incremental Store\"/**";
				INFOPLIST_FILE = "Incremental Store Demo/Incremental Store Demo-Info.plist";
				PRODUCT_NAME = "$(TARGET_NAME)";
				WRAPPER_EXTENSION = app;
			};
			name = Release;
		};
		440E852119B3A1B0002542D1 /* Debug */ = {
			isa = XCBuildConfiguration;
			buildSettings = {
				BUNDLE_LOADER = "$(BUILT_PRODUCTS_DIR)/Incremental Store Demo.app/Incremental Store Demo";
				CLANG_CXX_LIBRARY = "libc++";
				CLANG_ENABLE_MODULES = YES;
				CLANG_WARN_BOOL_CONVERSION = YES;
				CLANG_WARN_CONSTANT_CONVERSION = YES;
				CLANG_WARN_DIRECT_OBJC_ISA_USAGE = YES_ERROR;
				CLANG_WARN_EMPTY_BODY = YES;
				CLANG_WARN_ENUM_CONVERSION = YES;
				CLANG_WARN_INT_CONVERSION = YES;
				CLANG_WARN_OBJC_ROOT_CLASS = YES_ERROR;
				CODE_SIGN_IDENTITY = "iPhone Developer";
				FRAMEWORK_SEARCH_PATHS = (
					"$(SDKROOT)/Developer/Library/Frameworks",
					"$(inherited)",
					"$(DEVELOPER_FRAMEWORKS_DIR)",
				);
				GCC_PRECOMPILE_PREFIX_HEADER = YES;
				GCC_PREFIX_HEADER = "Tests/Tests-Prefix.pch";
				GCC_PREPROCESSOR_DEFINITIONS = (
					"DEBUG=1",
					"$(inherited)",
				);
				GCC_WARN_64_TO_32_BIT_CONVERSION = YES;
				GCC_WARN_ABOUT_RETURN_TYPE = YES_ERROR;
				GCC_WARN_UNDECLARED_SELECTOR = YES;
				GCC_WARN_UNINITIALIZED_AUTOS = YES_AGGRESSIVE;
				GCC_WARN_UNUSED_FUNCTION = YES;
				INFOPLIST_FILE = "Tests/Tests-Info.plist";
				IPHONEOS_DEPLOYMENT_TARGET = 7.1;
				PRODUCT_NAME = "$(TARGET_NAME)";
				TEST_HOST = "$(BUNDLE_LOADER)";
				WRAPPER_EXTENSION = xctest;
			};
			name = Debug;
		};
		440E852219B3A1B0002542D1 /* Release */ = {
			isa = XCBuildConfiguration;
			buildSettings = {
				BUNDLE_LOADER = "$(BUILT_PRODUCTS_DIR)/Incremental Store Demo.app/Incremental Store Demo";
				CLANG_CXX_LIBRARY = "libc++";
				CLANG_ENABLE_MODULES = YES;
				CLANG_WARN_BOOL_CONVERSION = YES;
				CLANG_WARN_CONSTANT_CONVERSION = YES;
				CLANG_WARN_DIRECT_OBJC_ISA_USAGE = YES_ERROR;
				CLANG_WARN_EMPTY_BODY = YES;
				CLANG_WARN_ENUM_CONVERSION = YES;
				CLANG_WARN_INT_CONVERSION = YES;
				CLANG_WARN_OBJC_ROOT_CLASS = YES_ERROR;
				ENABLE_NS_ASSERTIONS = NO;
				FRAMEWORK_SEARCH_PATHS = (
					"$(SDKROOT)/Developer/Library/Frameworks",
					"$(inherited)",
					"$(DEVELOPER_FRAMEWORKS_DIR)",
				);
				GCC_PRECOMPILE_PREFIX_HEADER = YES;
				GCC_PREFIX_HEADER = "Tests/Tests-Prefix.pch";
				GCC_WARN_64_TO_32_BIT_CONVERSION = YES;
				GCC_WARN_ABOUT_RETURN_TYPE = YES_ERROR;
				GCC_WARN_UNDECLARED_SELECTOR = YES;
				GCC_WARN_UNINITIALIZED_AUTOS = YES_AGGRESSIVE;
				GCC_WARN_UNUSED_FUNCTION = YES;
				INFOPLIST_FILE = "Tests/Tests-Info.plist";
				IPHONEOS_DEPLOYMENT_TARGET = 7.1;
				PRODUCT_NAME = "$(TARGET_NAME)";
				TEST_HOST = "$(BUNDLE_LOADER)";
				WRAPPER_EXTENSION = xctest;
			};
			name = Release;
		};
/* End XCBuildConfiguration section */

/* Begin XCConfigurationList section */
		3BD5EFEF15EE5DDF00333320 /* Build configuration list for PBXProject "Incremental Store" */ = {
			isa = XCConfigurationList;
			buildConfigurations = (
				3BD5F01115EE5DDF00333320 /* Debug */,
				3BD5F01215EE5DDF00333320 /* Release */,
			);
			defaultConfigurationIsVisible = 0;
			defaultConfigurationName = Release;
		};
		3BD5F01315EE5DDF00333320 /* Build configuration list for PBXNativeTarget "Incremental Store Demo" */ = {
			isa = XCConfigurationList;
			buildConfigurations = (
				3BD5F01415EE5DDF00333320 /* Debug */,
				3BD5F01515EE5DDF00333320 /* Release */,
			);
			defaultConfigurationIsVisible = 0;
			defaultConfigurationName = Release;
		};
		440E852019B3A1B0002542D1 /* Build configuration list for PBXNativeTarget "Tests" */ = {
			isa = XCConfigurationList;
			buildConfigurations = (
				440E852119B3A1B0002542D1 /* Debug */,
				440E852219B3A1B0002542D1 /* Release */,
			);
			defaultConfigurationIsVisible = 0;
			defaultConfigurationName = Release;
		};
/* End XCConfigurationList section */

/* Begin XCVersionGroup section */
		3BA9B71216359A7000C91EB0 /* Model.xcdatamodeld */ = {
			isa = XCVersionGroup;
			children = (
				3BA9B71316359A7000C91EB0 /* Model.xcdatamodel */,
			);
			currentVersion = 3BA9B71316359A7000C91EB0 /* Model.xcdatamodel */;
			path = Model.xcdatamodeld;
			sourceTree = "<group>";
			versionGroupType = wrapper.xcdatamodel;
		};
		440B67D819D1E45F00C28112 /* SubEntitiesModel.xcdatamodeld */ = {
			isa = XCVersionGroup;
			children = (
				440B67D919D1E45F00C28112 /* SubEntitiesModel.xcdatamodel */,
			);
			currentVersion = 440B67D919D1E45F00C28112 /* SubEntitiesModel.xcdatamodel */;
			path = SubEntitiesModel.xcdatamodeld;
			sourceTree = "<group>";
			versionGroupType = wrapper.xcdatamodel;
		};
		444AF93C19B36BD300B1F2A1 /* ClassModel.xcdatamodeld */ = {
			isa = XCVersionGroup;
			children = (
				444AF93D19B36BD300B1F2A1 /* ClassModel.xcdatamodel */,
			);
			currentVersion = 444AF93D19B36BD300B1F2A1 /* ClassModel.xcdatamodel */;
			path = ClassModel.xcdatamodeld;
			sourceTree = "<group>";
			versionGroupType = wrapper.xcdatamodel;
		};
		65CE885C1C29443E006478BC /* Migration.xcdatamodeld */ = {
			isa = XCVersionGroup;
			children = (
				65CE88601C295448006478BC /* New.xcdatamodel */,
				65CE885D1C29443E006478BC /* Migration.xcdatamodel */,
				65CE885E1C29443E006478BC /* New.xcdatamodel */,
			);
			currentVersion = 65CE885D1C29443E006478BC /* Migration.xcdatamodel */;
			path = Migration.xcdatamodeld;
			sourceTree = "<group>";
			versionGroupType = wrapper.xcdatamodel;
		};
/* End XCVersionGroup section */
	};
	rootObject = 3BD5EFEC15EE5DDF00333320 /* Project object */;
}
